// !$*UTF8*$!
{
	archiveVersion = 1;
	classes = {
	};
	objectVersion = 50;
	objects = {

/* Begin PBXBuildFile section */
		4139CA4B215F869400F8DFA7 /* AppDelegate.swift in Sources */ = {isa = PBXBuildFile; fileRef = 4139CA4A215F869400F8DFA7 /* AppDelegate.swift */; };
		4139CA4D215F869400F8DFA7 /* ToDoListViewController.swift in Sources */ = {isa = PBXBuildFile; fileRef = 4139CA4C215F869400F8DFA7 /* ToDoListViewController.swift */; };
		4139CA50215F869400F8DFA7 /* Main.storyboard in Resources */ = {isa = PBXBuildFile; fileRef = 4139CA4E215F869400F8DFA7 /* Main.storyboard */; };
		4139CA52215F869700F8DFA7 /* Assets.xcassets in Resources */ = {isa = PBXBuildFile; fileRef = 4139CA51215F869700F8DFA7 /* Assets.xcassets */; };
		4139CA55215F869700F8DFA7 /* LaunchScreen.storyboard in Resources */ = {isa = PBXBuildFile; fileRef = 4139CA53215F869700F8DFA7 /* LaunchScreen.storyboard */; };
		4158272E216A4D66009BE664 /* Data.swift in Sources */ = {isa = PBXBuildFile; fileRef = 4158272D216A4D66009BE664 /* Data.swift */; };
		41582730216A510E009BE664 /* Item.swift in Sources */ = {isa = PBXBuildFile; fileRef = 4158272F216A510E009BE664 /* Item.swift */; };
		41582732216A5216009BE664 /* Category.swift in Sources */ = {isa = PBXBuildFile; fileRef = 41582731216A5216009BE664 /* Category.swift */; };
		415A987A2166810B008890B5 /* CatergoryTBLVController.swift in Sources */ = {isa = PBXBuildFile; fileRef = 415A98792166810B008890B5 /* CatergoryTBLVController.swift */; };
		865951F8EBCFC199F99FEFCC /* Pods_udemy_Todoey.framework in Frameworks */ = {isa = PBXBuildFile; fileRef = DEA982B45C4785F642AA1B52 /* Pods_udemy_Todoey.framework */; };
/* End PBXBuildFile section */

/* Begin PBXFileReference section */
		4139CA47215F869400F8DFA7 /* udemy-Todoey.app */ = {isa = PBXFileReference; explicitFileType = wrapper.application; includeInIndex = 0; path = "udemy-Todoey.app"; sourceTree = BUILT_PRODUCTS_DIR; };
		4139CA4A215F869400F8DFA7 /* AppDelegate.swift */ = {isa = PBXFileReference; lastKnownFileType = sourcecode.swift; path = AppDelegate.swift; sourceTree = "<group>"; };
		4139CA4C215F869400F8DFA7 /* ToDoListViewController.swift */ = {isa = PBXFileReference; lastKnownFileType = sourcecode.swift; path = ToDoListViewController.swift; sourceTree = "<group>"; };
		4139CA4F215F869400F8DFA7 /* Base */ = {isa = PBXFileReference; lastKnownFileType = file.storyboard; name = Base; path = Base.lproj/Main.storyboard; sourceTree = "<group>"; };
		4139CA51215F869700F8DFA7 /* Assets.xcassets */ = {isa = PBXFileReference; lastKnownFileType = folder.assetcatalog; path = Assets.xcassets; sourceTree = "<group>"; };
		4139CA54215F869700F8DFA7 /* Base */ = {isa = PBXFileReference; lastKnownFileType = file.storyboard; name = Base; path = Base.lproj/LaunchScreen.storyboard; sourceTree = "<group>"; };
		4139CA56215F869700F8DFA7 /* Info.plist */ = {isa = PBXFileReference; lastKnownFileType = text.plist.xml; path = Info.plist; sourceTree = "<group>"; };
		4158272D216A4D66009BE664 /* Data.swift */ = {isa = PBXFileReference; lastKnownFileType = sourcecode.swift; path = Data.swift; sourceTree = "<group>"; };
		4158272F216A510E009BE664 /* Item.swift */ = {isa = PBXFileReference; lastKnownFileType = sourcecode.swift; path = Item.swift; sourceTree = "<group>"; };
		41582731216A5216009BE664 /* Category.swift */ = {isa = PBXFileReference; lastKnownFileType = sourcecode.swift; path = Category.swift; sourceTree = "<group>"; };
		415A98792166810B008890B5 /* CatergoryTBLVController.swift */ = {isa = PBXFileReference; lastKnownFileType = sourcecode.swift; path = CatergoryTBLVController.swift; sourceTree = "<group>"; };
		5307C4453BB0F06021159203 /* Pods-udemy-Todoey.debug.xcconfig */ = {isa = PBXFileReference; includeInIndex = 1; lastKnownFileType = text.xcconfig; name = "Pods-udemy-Todoey.debug.xcconfig"; path = "Pods/Target Support Files/Pods-udemy-Todoey/Pods-udemy-Todoey.debug.xcconfig"; sourceTree = "<group>"; };
		6EB1E50782BCA9380681604D /* Pods-udemy-Todoey.release.xcconfig */ = {isa = PBXFileReference; includeInIndex = 1; lastKnownFileType = text.xcconfig; name = "Pods-udemy-Todoey.release.xcconfig"; path = "Pods/Target Support Files/Pods-udemy-Todoey/Pods-udemy-Todoey.release.xcconfig"; sourceTree = "<group>"; };
		DEA982B45C4785F642AA1B52 /* Pods_udemy_Todoey.framework */ = {isa = PBXFileReference; explicitFileType = wrapper.framework; includeInIndex = 0; path = Pods_udemy_Todoey.framework; sourceTree = BUILT_PRODUCTS_DIR; };
/* End PBXFileReference section */

/* Begin PBXFrameworksBuildPhase section */
		4139CA44215F869400F8DFA7 /* Frameworks */ = {
			isa = PBXFrameworksBuildPhase;
			buildActionMask = 2147483647;
			files = (
				865951F8EBCFC199F99FEFCC /* Pods_udemy_Todoey.framework in Frameworks */,
			);
			runOnlyForDeploymentPostprocessing = 0;
		};
/* End PBXFrameworksBuildPhase section */

/* Begin PBXGroup section */
		4139CA3E215F869400F8DFA7 = {
			isa = PBXGroup;
			children = (
				4139CA49215F869400F8DFA7 /* udemy-Todoey */,
				4139CA48215F869400F8DFA7 /* Products */,
				8F0B2F654CDF66E1E3B553FC /* Pods */,
				F0EECEA6076EBA5D9E632F33 /* Frameworks */,
			);
			sourceTree = "<group>";
		};
		4139CA48215F869400F8DFA7 /* Products */ = {
			isa = PBXGroup;
			children = (
				4139CA47215F869400F8DFA7 /* udemy-Todoey.app */,
			);
			name = Products;
			sourceTree = "<group>";
		};
		4139CA49215F869400F8DFA7 /* udemy-Todoey */ = {
			isa = PBXGroup;
			children = (
				4139CA4A215F869400F8DFA7 /* AppDelegate.swift */,
				4139CA5E215FB65100F8DFA7 /* Data Model */,
				4139CA60215FB6C500F8DFA7 /* Views */,
				4139CA5F215FB6B100F8DFA7 /* Controllers */,
				4139CA61215FB6DF00F8DFA7 /* Supporting Files */,
				4139CA56215F869700F8DFA7 /* Info.plist */,
			);
			path = "udemy-Todoey";
			sourceTree = "<group>";
		};
		4139CA5E215FB65100F8DFA7 /* Data Model */ = {
			isa = PBXGroup;
			children = (
				4158272D216A4D66009BE664 /* Data.swift */,
				41582731216A5216009BE664 /* Category.swift */,
				4158272F216A510E009BE664 /* Item.swift */,
			);
			path = "Data Model";
			sourceTree = "<group>";
		};
		4139CA5F215FB6B100F8DFA7 /* Controllers */ = {
			isa = PBXGroup;
			children = (
				415A98792166810B008890B5 /* CatergoryTBLVController.swift */,
				4139CA4C215F869400F8DFA7 /* ToDoListViewController.swift */,
			);
			path = Controllers;
			sourceTree = "<group>";
		};
		4139CA60215FB6C500F8DFA7 /* Views */ = {
			isa = PBXGroup;
			children = (
				4139CA4E215F869400F8DFA7 /* Main.storyboard */,
			);
			path = Views;
			sourceTree = "<group>";
		};
		4139CA61215FB6DF00F8DFA7 /* Supporting Files */ = {
			isa = PBXGroup;
			children = (
				4139CA51215F869700F8DFA7 /* Assets.xcassets */,
				4139CA53215F869700F8DFA7 /* LaunchScreen.storyboard */,
			);
			path = "Supporting Files";
			sourceTree = "<group>";
		};
		8F0B2F654CDF66E1E3B553FC /* Pods */ = {
			isa = PBXGroup;
			children = (
				5307C4453BB0F06021159203 /* Pods-udemy-Todoey.debug.xcconfig */,
				6EB1E50782BCA9380681604D /* Pods-udemy-Todoey.release.xcconfig */,
			);
			name = Pods;
			sourceTree = "<group>";
		};
		F0EECEA6076EBA5D9E632F33 /* Frameworks */ = {
			isa = PBXGroup;
			children = (
				DEA982B45C4785F642AA1B52 /* Pods_udemy_Todoey.framework */,
			);
			name = Frameworks;
			sourceTree = "<group>";
		};
/* End PBXGroup section */

/* Begin PBXNativeTarget section */
		4139CA46215F869400F8DFA7 /* udemy-Todoey */ = {
			isa = PBXNativeTarget;
			buildConfigurationList = 4139CA59215F869700F8DFA7 /* Build configuration list for PBXNativeTarget "udemy-Todoey" */;
			buildPhases = (
				F8B8288765C96AFDF47ABF18 /* [CP] Check Pods Manifest.lock */,
				4139CA43215F869400F8DFA7 /* Sources */,
				4139CA44215F869400F8DFA7 /* Frameworks */,
				4139CA45215F869400F8DFA7 /* Resources */,
				762387C67A5FE8FA4C5AEB90 /* [CP] Embed Pods Frameworks */,
			);
			buildRules = (
			);
			dependencies = (
			);
			name = "udemy-Todoey";
			productName = "udemy-Todoey";
			productReference = 4139CA47215F869400F8DFA7 /* udemy-Todoey.app */;
			productType = "com.apple.product-type.application";
		};
/* End PBXNativeTarget section */

/* Begin PBXProject section */
		4139CA3F215F869400F8DFA7 /* Project object */ = {
			isa = PBXProject;
			attributes = {
				LastSwiftUpdateCheck = 1000;
				LastUpgradeCheck = 1000;
				ORGANIZATIONNAME = "Stefano Cardia";
				TargetAttributes = {
					4139CA46215F869400F8DFA7 = {
						CreatedOnToolsVersion = 10.0;
					};
				};
			};
			buildConfigurationList = 4139CA42215F869400F8DFA7 /* Build configuration list for PBXProject "udemy-Todoey" */;
			compatibilityVersion = "Xcode 9.3";
			developmentRegion = en;
			hasScannedForEncodings = 0;
			knownRegions = (
				en,
				Base,
			);
			mainGroup = 4139CA3E215F869400F8DFA7;
			productRefGroup = 4139CA48215F869400F8DFA7 /* Products */;
			projectDirPath = "";
			projectRoot = "";
			targets = (
				4139CA46215F869400F8DFA7 /* udemy-Todoey */,
			);
		};
/* End PBXProject section */

/* Begin PBXResourcesBuildPhase section */
		4139CA45215F869400F8DFA7 /* Resources */ = {
			isa = PBXResourcesBuildPhase;
			buildActionMask = 2147483647;
			files = (
				4139CA55215F869700F8DFA7 /* LaunchScreen.storyboard in Resources */,
				4139CA52215F869700F8DFA7 /* Assets.xcassets in Resources */,
				4139CA50215F869400F8DFA7 /* Main.storyboard in Resources */,
			);
			runOnlyForDeploymentPostprocessing = 0;
		};
/* End PBXResourcesBuildPhase section */

/* Begin PBXShellScriptBuildPhase section */
		762387C67A5FE8FA4C5AEB90 /* [CP] Embed Pods Frameworks */ = {
			isa = PBXShellScriptBuildPhase;
			buildActionMask = 2147483647;
			files = (
			);
			inputPaths = (
				"${SRCROOT}/Pods/Target Support Files/Pods-udemy-Todoey/Pods-udemy-Todoey-frameworks.sh",
				"${BUILT_PRODUCTS_DIR}/Realm/Realm.framework",
				"${BUILT_PRODUCTS_DIR}/RealmSwift/RealmSwift.framework",
			);
			name = "[CP] Embed Pods Frameworks";
			outputPaths = (
				"${TARGET_BUILD_DIR}/${FRAMEWORKS_FOLDER_PATH}/Realm.framework",
				"${TARGET_BUILD_DIR}/${FRAMEWORKS_FOLDER_PATH}/RealmSwift.framework",
			);
			runOnlyForDeploymentPostprocessing = 0;
			shellPath = /bin/sh;
			shellScript = "\"${SRCROOT}/Pods/Target Support Files/Pods-udemy-Todoey/Pods-udemy-Todoey-frameworks.sh\"\n";
			showEnvVarsInLog = 0;
		};
		F8B8288765C96AFDF47ABF18 /* [CP] Check Pods Manifest.lock */ = {
			isa = PBXShellScriptBuildPhase;
			buildActionMask = 2147483647;
			files = (
			);
			inputPaths = (
				"${PODS_PODFILE_DIR_PATH}/Podfile.lock",
				"${PODS_ROOT}/Manifest.lock",
			);
			name = "[CP] Check Pods Manifest.lock";
			outputPaths = (
				"$(DERIVED_FILE_DIR)/Pods-udemy-Todoey-checkManifestLockResult.txt",
			);
			runOnlyForDeploymentPostprocessing = 0;
			shellPath = /bin/sh;
			shellScript = "diff \"${PODS_PODFILE_DIR_PATH}/Podfile.lock\" \"${PODS_ROOT}/Manifest.lock\" > /dev/null\nif [ $? != 0 ] ; then\n    # print error to STDERR\n    echo \"error: The sandbox is not in sync with the Podfile.lock. Run 'pod install' or update your CocoaPods installation.\" >&2\n    exit 1\nfi\n# This output is used by Xcode 'outputs' to avoid re-running this script phase.\necho \"SUCCESS\" > \"${SCRIPT_OUTPUT_FILE_0}\"\n";
			showEnvVarsInLog = 0;
		};
/* End PBXShellScriptBuildPhase section */

/* Begin PBXSourcesBuildPhase section */
		4139CA43215F869400F8DFA7 /* Sources */ = {
			isa = PBXSourcesBuildPhase;
			buildActionMask = 2147483647;
			files = (
				4158272E216A4D66009BE664 /* Data.swift in Sources */,
				415A987A2166810B008890B5 /* CatergoryTBLVController.swift in Sources */,
				4139CA4D215F869400F8DFA7 /* ToDoListViewController.swift in Sources */,
				41582730216A510E009BE664 /* Item.swift in Sources */,
				4139CA4B215F869400F8DFA7 /* AppDelegate.swift in Sources */,
				41582732216A5216009BE664 /* Category.swift in Sources */,
			);
			runOnlyForDeploymentPostprocessing = 0;
		};
/* End PBXSourcesBuildPhase section */

/* Begin PBXVariantGroup section */
		4139CA4E215F869400F8DFA7 /* Main.storyboard */ = {
			isa = PBXVariantGroup;
			children = (
				4139CA4F215F869400F8DFA7 /* Base */,
			);
			name = Main.storyboard;
			sourceTree = "<group>";
		};
		4139CA53215F869700F8DFA7 /* LaunchScreen.storyboard */ = {
			isa = PBXVariantGroup;
			children = (
				4139CA54215F869700F8DFA7 /* Base */,
			);
			name = LaunchScreen.storyboard;
			sourceTree = "<group>";
		};
/* End PBXVariantGroup section */

/* Begin XCBuildConfiguration section */
		4139CA57215F869700F8DFA7 /* Debug */ = {
			isa = XCBuildConfiguration;
			buildSettings = {
				ALWAYS_SEARCH_USER_PATHS = NO;
				CLANG_ANALYZER_NONNULL = YES;
				CLANG_ANALYZER_NUMBER_OBJECT_CONVERSION = YES_AGGRESSIVE;
				CLANG_CXX_LANGUAGE_STANDARD = "gnu++14";
				CLANG_CXX_LIBRARY = "libc++";
				CLANG_ENABLE_MODULES = YES;
				CLANG_ENABLE_OBJC_ARC = YES;
				CLANG_ENABLE_OBJC_WEAK = YES;
				CLANG_WARN_BLOCK_CAPTURE_AUTORELEASING = YES;
				CLANG_WARN_BOOL_CONVERSION = YES;
				CLANG_WARN_COMMA = YES;
				CLANG_WARN_CONSTANT_CONVERSION = YES;
				CLANG_WARN_DEPRECATED_OBJC_IMPLEMENTATIONS = YES;
				CLANG_WARN_DIRECT_OBJC_ISA_USAGE = YES_ERROR;
				CLANG_WARN_DOCUMENTATION_COMMENTS = YES;
				CLANG_WARN_EMPTY_BODY = YES;
				CLANG_WARN_ENUM_CONVERSION = YES;
				CLANG_WARN_INFINITE_RECURSION = YES;
				CLANG_WARN_INT_CONVERSION = YES;
				CLANG_WARN_NON_LITERAL_NULL_CONVERSION = YES;
				CLANG_WARN_OBJC_IMPLICIT_RETAIN_SELF = YES;
				CLANG_WARN_OBJC_LITERAL_CONVERSION = YES;
				CLANG_WARN_OBJC_ROOT_CLASS = YES_ERROR;
				CLANG_WARN_RANGE_LOOP_ANALYSIS = YES;
				CLANG_WARN_STRICT_PROTOTYPES = YES;
				CLANG_WARN_SUSPICIOUS_MOVE = YES;
				CLANG_WARN_UNGUARDED_AVAILABILITY = YES_AGGRESSIVE;
				CLANG_WARN_UNREACHABLE_CODE = YES;
				CLANG_WARN__DUPLICATE_METHOD_MATCH = YES;
				CODE_SIGN_IDENTITY = "iPhone Developer";
				COPY_PHASE_STRIP = NO;
				DEBUG_INFORMATION_FORMAT = dwarf;
				ENABLE_STRICT_OBJC_MSGSEND = YES;
				ENABLE_TESTABILITY = YES;
				GCC_C_LANGUAGE_STANDARD = gnu11;
				GCC_DYNAMIC_NO_PIC = NO;
				GCC_NO_COMMON_BLOCKS = YES;
				GCC_OPTIMIZATION_LEVEL = 0;
				GCC_PREPROCESSOR_DEFINITIONS = (
					"DEBUG=1",
					"$(inherited)",
				);
				GCC_WARN_64_TO_32_BIT_CONVERSION = YES;
				GCC_WARN_ABOUT_RETURN_TYPE = YES_ERROR;
				GCC_WARN_UNDECLARED_SELECTOR = YES;
				GCC_WARN_UNINITIALIZED_AUTOS = YES_AGGRESSIVE;
				GCC_WARN_UNUSED_FUNCTION = YES;
				GCC_WARN_UNUSED_VARIABLE = YES;
				IPHONEOS_DEPLOYMENT_TARGET = 12.0;
				MTL_ENABLE_DEBUG_INFO = INCLUDE_SOURCE;
				MTL_FAST_MATH = YES;
				ONLY_ACTIVE_ARCH = YES;
				SDKROOT = iphoneos;
				SWIFT_ACTIVE_COMPILATION_CONDITIONS = DEBUG;
				SWIFT_OPTIMIZATION_LEVEL = "-Onone";
			};
			name = Debug;
		};
		4139CA58215F869700F8DFA7 /* Release */ = {
			isa = XCBuildConfiguration;
			buildSettings = {
				ALWAYS_SEARCH_USER_PATHS = NO;
				CLANG_ANALYZER_NONNULL = YES;
				CLANG_ANALYZER_NUMBER_OBJECT_CONVERSION = YES_AGGRESSIVE;
				CLANG_CXX_LANGUAGE_STANDARD = "gnu++14";
				CLANG_CXX_LIBRARY = "libc++";
				CLANG_ENABLE_MODULES = YES;
				CLANG_ENABLE_OBJC_ARC = YES;
				CLANG_ENABLE_OBJC_WEAK = YES;
				CLANG_WARN_BLOCK_CAPTURE_AUTORELEASING = YES;
				CLANG_WARN_BOOL_CONVERSION = YES;
				CLANG_WARN_COMMA = YES;
				CLANG_WARN_CONSTANT_CONVERSION = YES;
				CLANG_WARN_DEPRECATED_OBJC_IMPLEMENTATIONS = YES;
				CLANG_WARN_DIRECT_OBJC_ISA_USAGE = YES_ERROR;
				CLANG_WARN_DOCUMENTATION_COMMENTS = YES;
				CLANG_WARN_EMPTY_BODY = YES;
				CLANG_WARN_ENUM_CONVERSION = YES;
				CLANG_WARN_INFINITE_RECURSION = YES;
				CLANG_WARN_INT_CONVERSION = YES;
				CLANG_WARN_NON_LITERAL_NULL_CONVERSION = YES;
				CLANG_WARN_OBJC_IMPLICIT_RETAIN_SELF = YES;
				CLANG_WARN_OBJC_LITERAL_CONVERSION = YES;
				CLANG_WARN_OBJC_ROOT_CLASS = YES_ERROR;
				CLANG_WARN_RANGE_LOOP_ANALYSIS = YES;
				CLANG_WARN_STRICT_PROTOTYPES = YES;
				CLANG_WARN_SUSPICIOUS_MOVE = YES;
				CLANG_WARN_UNGUARDED_AVAILABILITY = YES_AGGRESSIVE;
				CLANG_WARN_UNREACHABLE_CODE = YES;
				CLANG_WARN__DUPLICATE_METHOD_MATCH = YES;
				CODE_SIGN_IDENTITY = "iPhone Developer";
				COPY_PHASE_STRIP = NO;
				DEBUG_INFORMATION_FORMAT = "dwarf-with-dsym";
				ENABLE_NS_ASSERTIONS = NO;
				ENABLE_STRICT_OBJC_MSGSEND = YES;
				GCC_C_LANGUAGE_STANDARD = gnu11;
				GCC_NO_COMMON_BLOCKS = YES;
				GCC_WARN_64_TO_32_BIT_CONVERSION = YES;
				GCC_WARN_ABOUT_RETURN_TYPE = YES_ERROR;
				GCC_WARN_UNDECLARED_SELECTOR = YES;
				GCC_WARN_UNINITIALIZED_AUTOS = YES_AGGRESSIVE;
				GCC_WARN_UNUSED_FUNCTION = YES;
				GCC_WARN_UNUSED_VARIABLE = YES;
				IPHONEOS_DEPLOYMENT_TARGET = 12.0;
				MTL_ENABLE_DEBUG_INFO = NO;
				MTL_FAST_MATH = YES;
				SDKROOT = iphoneos;
				SWIFT_COMPILATION_MODE = wholemodule;
				SWIFT_OPTIMIZATION_LEVEL = "-O";
				VALIDATE_PRODUCT = YES;
			};
			name = Release;
		};
		4139CA5A215F869700F8DFA7 /* Debug */ = {
			isa = XCBuildConfiguration;
			baseConfigurationReference = 5307C4453BB0F06021159203 /* Pods-udemy-Todoey.debug.xcconfig */;
			buildSettings = {
				ASSETCATALOG_COMPILER_APPICON_NAME = AppIcon;
				CODE_SIGN_STYLE = Automatic;
				DEVELOPMENT_TEAM = K32Y762X27;
				INFOPLIST_FILE = "udemy-Todoey/Info.plist";
				LD_RUNPATH_SEARCH_PATHS = (
					"$(inherited)",
					"@executable_path/Frameworks",
				);
				PRODUCT_BUNDLE_IDENTIFIER = "net.stefanocardia.udemy-Todoey";
				PRODUCT_NAME = "$(TARGET_NAME)";
				SWIFT_VERSION = 4.2;
				TARGETED_DEVICE_FAMILY = "1,2";
			};
			name = Debug;
		};
		4139CA5B215F869700F8DFA7 /* Release */ = {
			isa = XCBuildConfiguration;
			baseConfigurationReference = 6EB1E50782BCA9380681604D /* Pods-udemy-Todoey.release.xcconfig */;
			buildSettings = {
				ASSETCATALOG_COMPILER_APPICON_NAME = AppIcon;
				CODE_SIGN_STYLE = Automatic;
				DEVELOPMENT_TEAM = K32Y762X27;
				INFOPLIST_FILE = "udemy-Todoey/Info.plist";
				LD_RUNPATH_SEARCH_PATHS = (
					"$(inherited)",
					"@executable_path/Frameworks",
				);
				PRODUCT_BUNDLE_IDENTIFIER = "net.stefanocardia.udemy-Todoey";
				PRODUCT_NAME = "$(TARGET_NAME)";
				SWIFT_VERSION = 4.2;
				TARGETED_DEVICE_FAMILY = "1,2";
			};
			name = Release;
		};
/* End XCBuildConfiguration section */

/* Begin XCConfigurationList section */
		4139CA42215F869400F8DFA7 /* Build configuration list for PBXProject "udemy-Todoey" */ = {
			isa = XCConfigurationList;
			buildConfigurations = (
				4139CA57215F869700F8DFA7 /* Debug */,
				4139CA58215F869700F8DFA7 /* Release */,
			);
			defaultConfigurationIsVisible = 0;
			defaultConfigurationName = Release;
		};
		4139CA59215F869700F8DFA7 /* Build configuration list for PBXNativeTarget "udemy-Todoey" */ = {
			isa = XCConfigurationList;
			buildConfigurations = (
				4139CA5A215F869700F8DFA7 /* Debug */,
				4139CA5B215F869700F8DFA7 /* Release */,
			);
			defaultConfigurationIsVisible = 0;
			defaultConfigurationName = Release;
		};
/* End XCConfigurationList section */
	};
	rootObject = 4139CA3F215F869400F8DFA7 /* Project object */;
}
